
Microsoft Visual Studio Solution File, Format Version 12.00
# Visual Studio 15
VisualStudioVersion = 15.0.28307.168
MinimumVisualStudioVersion = 10.0.40219.1
Project("{FAE04EC0-301F-11D3-BF4B-00C04F79EFBC}") = "FitnessTrackAPI", "FitnessTrackAPI\FitnessTrackAPI.csproj", "{4602CBB0-0E8B-4AF8-B690-79B0A8D32CBC}"
EndProject
Global
	GlobalSection(SolutionConfigurationPlatforms) = preSolution
		Debug|Any CPU = Debug|Any CPU
		Release|Any CPU = Release|Any CPU
	EndGlobalSection
	GlobalSection(ProjectConfigurationPlatforms) = postSolution
		{4602CBB0-0E8B-4AF8-B690-79B0A8D32CBC}.Debug|Any CPU.ActiveCfg = Debug|Any CPU
		{4602CBB0-0E8B-4AF8-B690-79B0A8D32CBC}.Debug|Any CPU.Build.0 = Debug|Any CPU
		{4602CBB0-0E8B-4AF8-B690-79B0A8D32CBC}.Release|Any CPU.ActiveCfg = Release|Any CPU
		{4602CBB0-0E8B-4AF8-B690-79B0A8D32CBC}.Release|Any CPU.Build.0 = Release|Any CPU
	EndGlobalSection
	GlobalSection(SolutionProperties) = preSolution
		HideSolutionNode = FALSE
	EndGlobalSection
	GlobalSection(ExtensibilityGlobals) = postSolution
		SolutionGuid = {8F4C1700-39ED-4219-8F37-A26F5013563F}
	EndGlobalSection
EndGlobal
